// !$*UTF8*$!
{
	archiveVersion = 1;
	classes = {
	};
	objectVersion = 50;
	objects = {

/* Begin PBXBuildFile section */
		484EE8E22638AAAA00B9732A /* AppDelegate.swift in Sources */ = {isa = PBXBuildFile; fileRef = 484EE8E12638AAAA00B9732A /* AppDelegate.swift */; };
		484EE8E42638AAAA00B9732A /* SceneDelegate.swift in Sources */ = {isa = PBXBuildFile; fileRef = 484EE8E32638AAAA00B9732A /* SceneDelegate.swift */; };
		484EE8E62638AAAA00B9732A /* ViewController.swift in Sources */ = {isa = PBXBuildFile; fileRef = 484EE8E52638AAAA00B9732A /* ViewController.swift */; };
		484EE8E92638AAAA00B9732A /* Main.storyboard in Resources */ = {isa = PBXBuildFile; fileRef = 484EE8E72638AAAA00B9732A /* Main.storyboard */; };
		484EE8EB2638AAAE00B9732A /* Assets.xcassets in Resources */ = {isa = PBXBuildFile; fileRef = 484EE8EA2638AAAE00B9732A /* Assets.xcassets */; };
		484EE8EE2638AAAE00B9732A /* LaunchScreen.storyboard in Resources */ = {isa = PBXBuildFile; fileRef = 484EE8EC2638AAAE00B9732A /* LaunchScreen.storyboard */; };
/* End PBXBuildFile section */

/* Begin PBXFileReference section */
		484EE8DE2638AAAA00B9732A /* BetmonApp.app */ = {isa = PBXFileReference; explicitFileType = wrapper.application; includeInIndex = 0; path = BetmonApp.app; sourceTree = BUILT_PRODUCTS_DIR; };
		484EE8E12638AAAA00B9732A /* AppDelegate.swift */ = {isa = PBXFileReference; lastKnownFileType = sourcecode.swift; path = AppDelegate.swift; sourceTree = "<group>"; };
		484EE8E32638AAAA00B9732A /* SceneDelegate.swift */ = {isa = PBXFileReference; lastKnownFileType = sourcecode.swift; path = SceneDelegate.swift; sourceTree = "<group>"; };
		484EE8E52638AAAA00B9732A /* ViewController.swift */ = {isa = PBXFileReference; lastKnownFileType = sourcecode.swift; path = ViewController.swift; sourceTree = "<group>"; };
		484EE8E82638AAAA00B9732A /* Base */ = {isa = PBXFileReference; lastKnownFileType = file.storyboard; name = Base; path = Base.lproj/Main.storyboard; sourceTree = "<group>"; };
		484EE8EA2638AAAE00B9732A /* Assets.xcassets */ = {isa = PBXFileReference; lastKnownFileType = folder.assetcatalog; path = Assets.xcassets; sourceTree = "<group>"; };
		484EE8ED2638AAAE00B9732A /* Base */ = {isa = PBXFileReference; lastKnownFileType = file.storyboard; name = Base; path = Base.lproj/LaunchScreen.storyboard; sourceTree = "<group>"; };
		484EE8EF2638AAAE00B9732A /* Info.plist */ = {isa = PBXFileReference; lastKnownFileType = text.plist.xml; path = Info.plist; sourceTree = "<group>"; };
/* End PBXFileReference section */

/* Begin PBXFrameworksBuildPhase section */
		484EE8DB2638AAAA00B9732A /* Frameworks */ = {
			isa = PBXFrameworksBuildPhase;
			buildActionMask = 2147483647;
			files = (
			);
			runOnlyForDeploymentPostprocessing = 0;
		};
/* End PBXFrameworksBuildPhase section */

/* Begin PBXGroup section */
		484EE8D52638AAAA00B9732A = {
			isa = PBXGroup;
			children = (
				484EE8E02638AAAA00B9732A /* BetmonApp */,
				484EE8DF2638AAAA00B9732A /* Products */,
			);
			sourceTree = "<group>";
		};
		484EE8DF2638AAAA00B9732A /* Products */ = {
			isa = PBXGroup;
			children = (
				484EE8DE2638AAAA00B9732A /* BetmonApp.app */,
			);
			name = Products;
			sourceTree = "<group>";
		};
		484EE8E02638AAAA00B9732A /* BetmonApp */ = {
			isa = PBXGroup;
			children = (
				484EE8E12638AAAA00B9732A /* AppDelegate.swift */,
				484EE8E32638AAAA00B9732A /* SceneDelegate.swift */,
				484EE8E52638AAAA00B9732A /* ViewController.swift */,
				484EE8E72638AAAA00B9732A /* Main.storyboard */,
				484EE8EA2638AAAE00B9732A /* Assets.xcassets */,
				484EE8EC2638AAAE00B9732A /* LaunchScreen.storyboard */,
				484EE8EF2638AAAE00B9732A /* Info.plist */,
			);
			path = BetmonApp;
			sourceTree = "<group>";
		};
/* End PBXGroup section */

/* Begin PBXNativeTarget section */
		484EE8DD2638AAAA00B9732A /* BetmonApp */ = {
			isa = PBXNativeTarget;
			buildConfigurationList = 484EE8F22638AAAE00B9732A /* Build configuration list for PBXNativeTarget "BetmonApp" */;
			buildPhases = (
				484EE8DA2638AAAA00B9732A /* Sources */,
				484EE8DB2638AAAA00B9732A /* Frameworks */,
				484EE8DC2638AAAA00B9732A /* Resources */,
			);
			buildRules = (
			);
			dependencies = (
			);
			name = BetmonApp;
			productName = BetmonApp;
			productReference = 484EE8DE2638AAAA00B9732A /* BetmonApp.app */;
			productType = "com.apple.product-type.application";
		};
/* End PBXNativeTarget section */

/* Begin PBXProject section */
		484EE8D62638AAAA00B9732A /* Project object */ = {
			isa = PBXProject;
			attributes = {
				LastSwiftUpdateCheck = 1240;
				LastUpgradeCheck = 1240;
				TargetAttributes = {
					484EE8DD2638AAAA00B9732A = {
						CreatedOnToolsVersion = 12.4;
					};
				};
			};
			buildConfigurationList = 484EE8D92638AAAA00B9732A /* Build configuration list for PBXProject "BetmonApp" */;
			compatibilityVersion = "Xcode 9.3";
			developmentRegion = en;
			hasScannedForEncodings = 0;
			knownRegions = (
				en,
				Base,
			);
			mainGroup = 484EE8D52638AAAA00B9732A;
			productRefGroup = 484EE8DF2638AAAA00B9732A /* Products */;
			projectDirPath = "";
			projectRoot = "";
			targets = (
				484EE8DD2638AAAA00B9732A /* BetmonApp */,
			);
		};
/* End PBXProject section */

/* Begin PBXResourcesBuildPhase section */
		484EE8DC2638AAAA00B9732A /* Resources */ = {
			isa = PBXResourcesBuildPhase;
			buildActionMask = 2147483647;
			files = (
				484EE8EE2638AAAE00B9732A /* LaunchScreen.storyboard in Resources */,
				484EE8EB2638AAAE00B9732A /* Assets.xcassets in Resources */,
				484EE8E92638AAAA00B9732A /* Main.storyboard in Resources */,
			);
			runOnlyForDeploymentPostprocessing = 0;
		};
/* End PBXResourcesBuildPhase section */

/* Begin PBXSourcesBuildPhase section */
		484EE8DA2638AAAA00B9732A /* Sources */ = {
			isa = PBXSourcesBuildPhase;
			buildActionMask = 2147483647;
			files = (
				484EE8E62638AAAA00B9732A /* ViewController.swift in Sources */,
				484EE8E22638AAAA00B9732A /* AppDelegate.swift in Sources */,
				484EE8E42638AAAA00B9732A /* SceneDelegate.swift in Sources */,
			);
			runOnlyForDeploymentPostprocessing = 0;
		};
/* End PBXSourcesBuildPhase section */

/* Begin PBXVariantGroup section */
		484EE8E72638AAAA00B9732A /* Main.storyboard */ = {
			isa = PBXVariantGroup;
			children = (
				484EE8E82638AAAA00B9732A /* Base */,
			);
			name = Main.storyboard;
			sourceTree = "<group>";
		};
		484EE8EC2638AAAE00B9732A /* LaunchScreen.storyboard */ = {
			isa = PBXVariantGroup;
			children = (
				484EE8ED2638AAAE00B9732A /* Base */,
			);
			name = LaunchScreen.storyboard;
			sourceTree = "<group>";
		};
/* End PBXVariantGroup section */

/* Begin XCBuildConfiguration section */
		484EE8F02638AAAE00B9732A /* Debug */ = {
			isa = XCBuildConfiguration;
			buildSettings = {
				ALWAYS_SEARCH_USER_PATHS = NO;
				CLANG_ANALYZER_NONNULL = YES;
				CLANG_ANALYZER_NUMBER_OBJECT_CONVERSION = YES_AGGRESSIVE;
				CLANG_CXX_LANGUAGE_STANDARD = "gnu++14";
				CLANG_CXX_LIBRARY = "libc++";
				CLANG_ENABLE_MODULES = YES;
				CLANG_ENABLE_OBJC_ARC = YES;
				CLANG_ENABLE_OBJC_WEAK = YES;
				CLANG_WARN_BLOCK_CAPTURE_AUTORELEASING = YES;
				CLANG_WARN_BOOL_CONVERSION = YES;
				CLANG_WARN_COMMA = YES;
				CLANG_WARN_CONSTANT_CONVERSION = YES;
				CLANG_WARN_DEPRECATED_OBJC_IMPLEMENTATIONS = YES;
				CLANG_WARN_DIRECT_OBJC_ISA_USAGE = YES_ERROR;
				CLANG_WARN_DOCUMENTATION_COMMENTS = YES;
				CLANG_WARN_EMPTY_BODY = YES;
				CLANG_WARN_ENUM_CONVERSION = YES;
				CLANG_WARN_INFINITE_RECURSION = YES;
				CLANG_WARN_INT_CONVERSION = YES;
				CLANG_WARN_NON_LITERAL_NULL_CONVERSION = YES;
				CLANG_WARN_OBJC_IMPLICIT_RETAIN_SELF = YES;
				CLANG_WARN_OBJC_LITERAL_CONVERSION = YES;
				CLANG_WARN_OBJC_ROOT_CLASS = YES_ERROR;
				CLANG_WARN_QUOTED_INCLUDE_IN_FRAMEWORK_HEADER = YES;
				CLANG_WARN_RANGE_LOOP_ANALYSIS = YES;
				CLANG_WARN_STRICT_PROTOTYPES = YES;
				CLANG_WARN_SUSPICIOUS_MOVE = YES;
				CLANG_WARN_UNGUARDED_AVAILABILITY = YES_AGGRESSIVE;
				CLANG_WARN_UNREACHABLE_CODE = YES;
				CLANG_WARN__DUPLICATE_METHOD_MATCH = YES;
				COPY_PHASE_STRIP = NO;
				DEBUG_INFORMATION_FORMAT = dwarf;
				ENABLE_STRICT_OBJC_MSGSEND = YES;
				ENABLE_TESTABILITY = YES;
				GCC_C_LANGUAGE_STANDARD = gnu11;
				GCC_DYNAMIC_NO_PIC = NO;
				GCC_NO_COMMON_BLOCKS = YES;
				GCC_OPTIMIZATION_LEVEL = 0;
				GCC_PREPROCESSOR_DEFINITIONS = (
					"DEBUG=1",
					"$(inherited)",
				);
				GCC_WARN_64_TO_32_BIT_CONVERSION = YES;
				GCC_WARN_ABOUT_RETURN_TYPE = YES_ERROR;
				GCC_WARN_UNDECLARED_SELECTOR = YES;
				GCC_WARN_UNINITIALIZED_AUTOS = YES_AGGRESSIVE;
				GCC_WARN_UNUSED_FUNCTION = YES;
				GCC_WARN_UNUSED_VARIABLE = YES;
				IPHONEOS_DEPLOYMENT_TARGET = 14.4;
				MTL_ENABLE_DEBUG_INFO = INCLUDE_SOURCE;
				MTL_FAST_MATH = YES;
				ONLY_ACTIVE_ARCH = YES;
				SDKROOT = iphoneos;
				SWIFT_ACTIVE_COMPILATION_CONDITIONS = DEBUG;
				SWIFT_OPTIMIZATION_LEVEL = "-Onone";
			};
			name = Debug;
		};
		484EE8F12638AAAE00B9732A /* Release */ = {
			isa = XCBuildConfiguration;
			buildSettings = {
				ALWAYS_SEARCH_USER_PATHS = NO;
				CLANG_ANALYZER_NONNULL = YES;
				CLANG_ANALYZER_NUMBER_OBJECT_CONVERSION = YES_AGGRESSIVE;
				CLANG_CXX_LANGUAGE_STANDARD = "gnu++14";
				CLANG_CXX_LIBRARY = "libc++";
				CLANG_ENABLE_MODULES = YES;
				CLANG_ENABLE_OBJC_ARC = YES;
				CLANG_ENABLE_OBJC_WEAK = YES;
				CLANG_WARN_BLOCK_CAPTURE_AUTORELEASING = YES;
				CLANG_WARN_BOOL_CONVERSION = YES;
				CLANG_WARN_COMMA = YES;
				CLANG_WARN_CONSTANT_CONVERSION = YES;
				CLANG_WARN_DEPRECATED_OBJC_IMPLEMENTATIONS = YES;
				CLANG_WARN_DIRECT_OBJC_ISA_USAGE = YES_ERROR;
				CLANG_WARN_DOCUMENTATION_COMMENTS = YES;
				CLANG_WARN_EMPTY_BODY = YES;
				CLANG_WARN_ENUM_CONVERSION = YES;
				CLANG_WARN_INFINITE_RECURSION = YES;
				CLANG_WARN_INT_CONVERSION = YES;
				CLANG_WARN_NON_LITERAL_NULL_CONVERSION = YES;
				CLANG_WARN_OBJC_IMPLICIT_RETAIN_SELF = YES;
				CLANG_WARN_OBJC_LITERAL_CONVERSION = YES;
				CLANG_WARN_OBJC_ROOT_CLASS = YES_ERROR;
				CLANG_WARN_QUOTED_INCLUDE_IN_FRAMEWORK_HEADER = YES;
				CLANG_WARN_RANGE_LOOP_ANALYSIS = YES;
				CLANG_WARN_STRICT_PROTOTYPES = YES;
				CLANG_WARN_SUSPICIOUS_MOVE = YES;
				CLANG_WARN_UNGUARDED_AVAILABILITY = YES_AGGRESSIVE;
				CLANG_WARN_UNREACHABLE_CODE = YES;
				CLANG_WARN__DUPLICATE_METHOD_MATCH = YES;
				COPY_PHASE_STRIP = NO;
				DEBUG_INFORMATION_FORMAT = "dwarf-with-dsym";
				ENABLE_NS_ASSERTIONS = NO;
				ENABLE_STRICT_OBJC_MSGSEND = YES;
				GCC_C_LANGUAGE_STANDARD = gnu11;
				GCC_NO_COMMON_BLOCKS = YES;
				GCC_WARN_64_TO_32_BIT_CONVERSION = YES;
				GCC_WARN_ABOUT_RETURN_TYPE = YES_ERROR;
				GCC_WARN_UNDECLARED_SELECTOR = YES;
				GCC_WARN_UNINITIALIZED_AUTOS = YES_AGGRESSIVE;
				GCC_WARN_UNUSED_FUNCTION = YES;
				GCC_WARN_UNUSED_VARIABLE = YES;
				IPHONEOS_DEPLOYMENT_TARGET = 14.4;
				MTL_ENABLE_DEBUG_INFO = NO;
				MTL_FAST_MATH = YES;
				SDKROOT = iphoneos;
				SWIFT_COMPILATION_MODE = wholemodule;
				SWIFT_OPTIMIZATION_LEVEL = "-O";
				VALIDATE_PRODUCT = YES;
			};
			name = Release;
		};
		484EE8F32638AAAE00B9732A /* Debug */ = {
			isa = XCBuildConfiguration;
			buildSettings = {
				ASSETCATALOG_COMPILER_APPICON_NAME = AppIcon;
				ASSETCATALOG_COMPILER_GLOBAL_ACCENT_COLOR_NAME = AccentColor;
				CODE_SIGN_STYLE = Automatic;
				DEVELOPMENT_TEAM = 28Y3AJZ4MW;
				INFOPLIST_FILE = BetmonApp/Info.plist;
				LD_RUNPATH_SEARCH_PATHS = (
					"$(inherited)",
					"@executable_path/Frameworks",
				);
				PRODUCT_BUNDLE_IDENTIFIER = "com.gmail-carlosecardonam1.BetmonApp";
				PRODUCT_NAME = "$(TARGET_NAME)";
				SWIFT_VERSION = 5.0;
				TARGETED_DEVICE_FAMILY = "1,2";
			};
			name = Debug;
		};
		484EE8F42638AAAE00B9732A /* Release */ = {
			isa = XCBuildConfiguration;
			buildSettings = {
				ASSETCATALOG_COMPILER_APPICON_NAME = AppIcon;
				ASSETCATALOG_COMPILER_GLOBAL_ACCENT_COLOR_NAME = AccentColor;
				CODE_SIGN_STYLE = Automatic;
				DEVELOPMENT_TEAM = 28Y3AJZ4MW;
				INFOPLIST_FILE = BetmonApp/Info.plist;
				LD_RUNPATH_SEARCH_PATHS = (
					"$(inherited)",
					"@executable_path/Frameworks",
				);
				PRODUCT_BUNDLE_IDENTIFIER = "com.gmail-carlosecardonam1.BetmonApp";
				PRODUCT_NAME = "$(TARGET_NAME)";
				SWIFT_VERSION = 5.0;
				TARGETED_DEVICE_FAMILY = "1,2";
			};
			name = Release;
		};
/* End XCBuildConfiguration section */

/* Begin XCConfigurationList section */
		484EE8D92638AAAA00B9732A /* Build configuration list for PBXProject "BetmonApp" */ = {
			isa = XCConfigurationList;
			buildConfigurations = (
				484EE8F02638AAAE00B9732A /* Debug */,
				484EE8F12638AAAE00B9732A /* Release */,
			);
			defaultConfigurationIsVisible = 0;
			defaultConfigurationName = Release;
		};
		484EE8F22638AAAE00B9732A /* Build configuration list for PBXNativeTarget "BetmonApp" */ = {
			isa = XCConfigurationList;
			buildConfigurations = (
				484EE8F32638AAAE00B9732A /* Debug */,
				484EE8F42638AAAE00B9732A /* Release */,
			);
			defaultConfigurationIsVisible = 0;
			defaultConfigurationName = Release;
		};
/* End XCConfigurationList section */
	};
	rootObject = 484EE8D62638AAAA00B9732A /* Project object */;
}
